
Microsoft Visual Studio Solution File, Format Version 12.00
# Visual Studio Version 17
VisualStudioVersion = 17.3.32519.111
MinimumVisualStudioVersion = 10.0.40219.1
Project("{FAE04EC0-301F-11D3-BF4B-00C04F79EFBC}") = "WSUS_o2Cloud", "WSUS_o2Cloud\WSUS_o2Cloud.csproj", "{C10AE278-5391-4367-8A12-FD5BE1A041B2}"
EndProject
Global
	GlobalSection(SolutionConfigurationPlatforms) = preSolution
		Debug|Any CPU = Debug|Any CPU
		Debug|x64 = Debug|x64
		Release|Any CPU = Release|Any CPU
		Release|x64 = Release|x64
	EndGlobalSection
	GlobalSection(ProjectConfigurationPlatforms) = postSolution
		{C10AE278-5391-4367-8A12-FD5BE1A041B2}.Debug|Any CPU.ActiveCfg = Debug|Any CPU
		{C10AE278-5391-4367-8A12-FD5BE1A041B2}.Debug|Any CPU.Build.0 = Debug|Any CPU
		{C10AE278-5391-4367-8A12-FD5BE1A041B2}.Debug|x64.ActiveCfg = Debug|x64
		{C10AE278-5391-4367-8A12-FD5BE1A041B2}.Debug|x64.Build.0 = Debug|x64
		{C10AE278-5391-4367-8A12-FD5BE1A041B2}.Release|Any CPU.ActiveCfg = Release|Any CPU
		{C10AE278-5391-4367-8A12-FD5BE1A041B2}.Release|Any CPU.Build.0 = Release|Any CPU
		{C10AE278-5391-4367-8A12-FD5BE1A041B2}.Release|x64.ActiveCfg = Release|x64
		{C10AE278-5391-4367-8A12-FD5BE1A041B2}.Release|x64.Build.0 = Release|x64
	EndGlobalSection
	GlobalSection(SolutionProperties) = preSolution
		HideSolutionNode = FALSE
	EndGlobalSection
	GlobalSection(ExtensibilityGlobals) = postSolution
		SolutionGuid = {04AC9FB4-065A-41EB-AE59-BC542A9507B1}
	EndGlobalSection
EndGlobal
